
Microsoft Visual Studio Solution File, Format Version 12.00
# Visual Studio Version 17
VisualStudioVersion = 17.13.35931.197
MinimumVisualStudioVersion = 10.0.40219.1
Project("{FAE04EC0-301F-11D3-BF4B-00C04F79EFBC}") = "Uttt.Micro.Libro", "Uttt.Micro.Libro\Uttt.Micro.Libro.csproj", "{B906FE4A-67F7-4BAD-B817-0E630C824E08}"
EndProject
Global
	GlobalSection(SolutionConfigurationPlatforms) = preSolution
		Debug|Any CPU = Debug|Any CPU
		Release|Any CPU = Release|Any CPU
	EndGlobalSection
	GlobalSection(ProjectConfigurationPlatforms) = postSolution
		{B906FE4A-67F7-4BAD-B817-0E630C824E08}.Debug|Any CPU.ActiveCfg = Debug|Any CPU
		{B906FE4A-67F7-4BAD-B817-0E630C824E08}.Debug|Any CPU.Build.0 = Debug|Any CPU
		{B906FE4A-67F7-4BAD-B817-0E630C824E08}.Release|Any CPU.ActiveCfg = Release|Any CPU
		{B906FE4A-67F7-4BAD-B817-0E630C824E08}.Release|Any CPU.Build.0 = Release|Any CPU
	EndGlobalSection
	GlobalSection(SolutionProperties) = preSolution
		HideSolutionNode = FALSE
	EndGlobalSection
	GlobalSection(ExtensibilityGlobals) = postSolution
		SolutionGuid = {14F88D1E-1222-4327-A5BE-745B60D2C4C8}
	EndGlobalSection
EndGlobal
